
Microsoft Visual Studio Solution File, Format Version 12.00
# Visual Studio 2013
VisualStudioVersion = 12.0.21005.1
MinimumVisualStudioVersion = 10.0.40219.1
Project("{2150E333-8FDC-42A3-9474-1A3956D46DE8}") = "EasyNetQ", "EasyNetQ", "{E07F8EC9-8214-4582-A8A2-A0F9D6A94FBA}"
EndProject
Project("{2150E333-8FDC-42A3-9474-1A3956D46DE8}") = "MassTransit", "MassTransit", "{F36FFC05-F08E-4F94-B37E-A162AA9D0C7D}"
EndProject
Project("{F2A71F9B-5D33-465A-A702-920D77279786}") = "Publisher", "Publisher.fsproj", "{FA05E683-8395-4D99-9915-DBB69A1F7E0C}"
EndProject
Project("{F2A71F9B-5D33-465A-A702-920D77279786}") = "Common", "..\Common\Common.fsproj", "{5E749BB2-CBD3-4F9F-94A5-19E0CFB0B426}"
EndProject
Project("{F2A71F9B-5D33-465A-A702-920D77279786}") = "Consumer", "Consumer\Consumer.fsproj", "{7F50C18E-5924-45D9-B0C2-C256804DDEF5}"
EndProject
Project("{F2A71F9B-5D33-465A-A702-920D77279786}") = "EasyNetQConsumer", "..\EasyNetQConsumer\EasyNetQConsumer.fsproj", "{A195B5FD-1E8C-4EA0-A825-7F4F758896B2}"
EndProject
Project("{F2A71F9B-5D33-465A-A702-920D77279786}") = "EasyNetQPublisher", "EasyNetQPublisher\EasyNetQPublisher.fsproj", "{7B6E55CB-D02C-4CFD-9C97-FE75C27B3D59}"
EndProject
Project("{FAE04EC0-301F-11D3-BF4B-00C04F79EFBC}") = "MTPublisher", "..\MTPublisher\MTPublisher.csproj", "{855F76D9-DC21-49D1-8DFA-53199D3FA4C5}"
EndProject
Project("{FAE04EC0-301F-11D3-BF4B-00C04F79EFBC}") = "MTConsumer", "MTConsumer\MTConsumer.csproj", "{3181DF67-52B0-4942-B06D-24AE2AEF1BCD}"
EndProject
Global
	GlobalSection(SolutionConfigurationPlatforms) = preSolution
		Debug|Any CPU = Debug|Any CPU
		Release|Any CPU = Release|Any CPU
	EndGlobalSection
	GlobalSection(ProjectConfigurationPlatforms) = postSolution
		{FA05E683-8395-4D99-9915-DBB69A1F7E0C}.Debug|Any CPU.ActiveCfg = Debug|Any CPU
		{FA05E683-8395-4D99-9915-DBB69A1F7E0C}.Debug|Any CPU.Build.0 = Debug|Any CPU
		{FA05E683-8395-4D99-9915-DBB69A1F7E0C}.Release|Any CPU.ActiveCfg = Release|Any CPU
		{FA05E683-8395-4D99-9915-DBB69A1F7E0C}.Release|Any CPU.Build.0 = Release|Any CPU
		{5E749BB2-CBD3-4F9F-94A5-19E0CFB0B426}.Debug|Any CPU.ActiveCfg = Debug|Any CPU
		{5E749BB2-CBD3-4F9F-94A5-19E0CFB0B426}.Debug|Any CPU.Build.0 = Debug|Any CPU
		{5E749BB2-CBD3-4F9F-94A5-19E0CFB0B426}.Release|Any CPU.ActiveCfg = Release|Any CPU
		{5E749BB2-CBD3-4F9F-94A5-19E0CFB0B426}.Release|Any CPU.Build.0 = Release|Any CPU
		{7F50C18E-5924-45D9-B0C2-C256804DDEF5}.Debug|Any CPU.ActiveCfg = Debug|Any CPU
		{7F50C18E-5924-45D9-B0C2-C256804DDEF5}.Debug|Any CPU.Build.0 = Debug|Any CPU
		{7F50C18E-5924-45D9-B0C2-C256804DDEF5}.Release|Any CPU.ActiveCfg = Release|Any CPU
		{7F50C18E-5924-45D9-B0C2-C256804DDEF5}.Release|Any CPU.Build.0 = Release|Any CPU
		{A195B5FD-1E8C-4EA0-A825-7F4F758896B2}.Debug|Any CPU.ActiveCfg = Debug|Any CPU
		{A195B5FD-1E8C-4EA0-A825-7F4F758896B2}.Debug|Any CPU.Build.0 = Debug|Any CPU
		{A195B5FD-1E8C-4EA0-A825-7F4F758896B2}.Release|Any CPU.ActiveCfg = Release|Any CPU
		{A195B5FD-1E8C-4EA0-A825-7F4F758896B2}.Release|Any CPU.Build.0 = Release|Any CPU
		{7B6E55CB-D02C-4CFD-9C97-FE75C27B3D59}.Debug|Any CPU.ActiveCfg = Debug|Any CPU
		{7B6E55CB-D02C-4CFD-9C97-FE75C27B3D59}.Debug|Any CPU.Build.0 = Debug|Any CPU
		{7B6E55CB-D02C-4CFD-9C97-FE75C27B3D59}.Release|Any CPU.ActiveCfg = Release|Any CPU
		{7B6E55CB-D02C-4CFD-9C97-FE75C27B3D59}.Release|Any CPU.Build.0 = Release|Any CPU
		{855F76D9-DC21-49D1-8DFA-53199D3FA4C5}.Debug|Any CPU.ActiveCfg = Debug|Any CPU
		{855F76D9-DC21-49D1-8DFA-53199D3FA4C5}.Debug|Any CPU.Build.0 = Debug|Any CPU
		{855F76D9-DC21-49D1-8DFA-53199D3FA4C5}.Release|Any CPU.ActiveCfg = Release|Any CPU
		{855F76D9-DC21-49D1-8DFA-53199D3FA4C5}.Release|Any CPU.Build.0 = Release|Any CPU
		{3181DF67-52B0-4942-B06D-24AE2AEF1BCD}.Debug|Any CPU.ActiveCfg = Debug|Any CPU
		{3181DF67-52B0-4942-B06D-24AE2AEF1BCD}.Debug|Any CPU.Build.0 = Debug|Any CPU
		{3181DF67-52B0-4942-B06D-24AE2AEF1BCD}.Release|Any CPU.ActiveCfg = Release|Any CPU
		{3181DF67-52B0-4942-B06D-24AE2AEF1BCD}.Release|Any CPU.Build.0 = Release|Any CPU
	EndGlobalSection
	GlobalSection(SolutionProperties) = preSolution
		HideSolutionNode = FALSE
	EndGlobalSection
	GlobalSection(NestedProjects) = preSolution
		{A195B5FD-1E8C-4EA0-A825-7F4F758896B2} = {E07F8EC9-8214-4582-A8A2-A0F9D6A94FBA}
		{7B6E55CB-D02C-4CFD-9C97-FE75C27B3D59} = {E07F8EC9-8214-4582-A8A2-A0F9D6A94FBA}
		{855F76D9-DC21-49D1-8DFA-53199D3FA4C5} = {F36FFC05-F08E-4F94-B37E-A162AA9D0C7D}
		{3181DF67-52B0-4942-B06D-24AE2AEF1BCD} = {F36FFC05-F08E-4F94-B37E-A162AA9D0C7D}
	EndGlobalSection
EndGlobal
