
Microsoft Visual Studio Solution File, Format Version 12.00
# Visual Studio 2012
Project("{F2A71F9B-5D33-465A-A702-920D77279786}") = "Publisher", "Publisher.fsproj", "{FA05E683-8395-4D99-9915-DBB69A1F7E0C}"
EndProject
Project("{F2A71F9B-5D33-465A-A702-920D77279786}") = "Common", "..\Common\Common.fsproj", "{5E749BB2-CBD3-4F9F-94A5-19E0CFB0B426}"
EndProject
Project("{F2A71F9B-5D33-465A-A702-920D77279786}") = "Consumer", "Consumer\Consumer.fsproj", "{7F50C18E-5924-45D9-B0C2-C256804DDEF5}"
EndProject
Project("{2150E333-8FDC-42A3-9474-1A3956D46DE8}") = "EasyNetQ", "EasyNetQ", "{E07F8EC9-8214-4582-A8A2-A0F9D6A94FBA}"
EndProject
Project("{F2A71F9B-5D33-465A-A702-920D77279786}") = "EasyNetQConsumer", "..\EasyNetQConsumer\EasyNetQConsumer.fsproj", "{A195B5FD-1E8C-4EA0-A825-7F4F758896B2}"
EndProject
Project("{F2A71F9B-5D33-465A-A702-920D77279786}") = "EasyNetQPublisher", "EasyNetQPublisher\EasyNetQPublisher.fsproj", "{7B6E55CB-D02C-4CFD-9C97-FE75C27B3D59}"
EndProject
Project("{2150E333-8FDC-42A3-9474-1A3956D46DE8}") = "EasyNetQCSharp", "EasyNetQCSharp", "{719C833D-A1E6-446B-A4FD-787B4F2A6AF7}"
EndProject
Project("{FAE04EC0-301F-11D3-BF4B-00C04F79EFBC}") = "EasyNetQPublisher2", "EasyNetQPublisher2\EasyNetQPublisher2.csproj", "{594DFAE6-B18C-4203-A1FB-7DF30E5F194A}"
EndProject
Project("{FAE04EC0-301F-11D3-BF4B-00C04F79EFBC}") = "EasyNetQConsumer2", "EasyNetQConsumer2\EasyNetQConsumer2.csproj", "{6A1B6426-FC9F-43BB-A564-6D07C90A7B99}"
EndProject
Project("{FAE04EC0-301F-11D3-BF4B-00C04F79EFBC}") = "EasyNetQCommon", "EasyNetQCommon\EasyNetQCommon.csproj", "{4F6639AA-2178-481E-AAF6-BB62A2453A7B}"
EndProject
Global
	GlobalSection(SolutionConfigurationPlatforms) = preSolution
		Debug|Any CPU = Debug|Any CPU
		Release|Any CPU = Release|Any CPU
	EndGlobalSection
	GlobalSection(ProjectConfigurationPlatforms) = postSolution
		{FA05E683-8395-4D99-9915-DBB69A1F7E0C}.Debug|Any CPU.ActiveCfg = Debug|Any CPU
		{FA05E683-8395-4D99-9915-DBB69A1F7E0C}.Debug|Any CPU.Build.0 = Debug|Any CPU
		{FA05E683-8395-4D99-9915-DBB69A1F7E0C}.Release|Any CPU.ActiveCfg = Release|Any CPU
		{FA05E683-8395-4D99-9915-DBB69A1F7E0C}.Release|Any CPU.Build.0 = Release|Any CPU
		{5E749BB2-CBD3-4F9F-94A5-19E0CFB0B426}.Debug|Any CPU.ActiveCfg = Debug|Any CPU
		{5E749BB2-CBD3-4F9F-94A5-19E0CFB0B426}.Debug|Any CPU.Build.0 = Debug|Any CPU
		{5E749BB2-CBD3-4F9F-94A5-19E0CFB0B426}.Release|Any CPU.ActiveCfg = Release|Any CPU
		{5E749BB2-CBD3-4F9F-94A5-19E0CFB0B426}.Release|Any CPU.Build.0 = Release|Any CPU
		{7F50C18E-5924-45D9-B0C2-C256804DDEF5}.Debug|Any CPU.ActiveCfg = Debug|Any CPU
		{7F50C18E-5924-45D9-B0C2-C256804DDEF5}.Debug|Any CPU.Build.0 = Debug|Any CPU
		{7F50C18E-5924-45D9-B0C2-C256804DDEF5}.Release|Any CPU.ActiveCfg = Release|Any CPU
		{7F50C18E-5924-45D9-B0C2-C256804DDEF5}.Release|Any CPU.Build.0 = Release|Any CPU
		{A195B5FD-1E8C-4EA0-A825-7F4F758896B2}.Debug|Any CPU.ActiveCfg = Debug|Any CPU
		{A195B5FD-1E8C-4EA0-A825-7F4F758896B2}.Debug|Any CPU.Build.0 = Debug|Any CPU
		{A195B5FD-1E8C-4EA0-A825-7F4F758896B2}.Release|Any CPU.ActiveCfg = Release|Any CPU
		{A195B5FD-1E8C-4EA0-A825-7F4F758896B2}.Release|Any CPU.Build.0 = Release|Any CPU
		{7B6E55CB-D02C-4CFD-9C97-FE75C27B3D59}.Debug|Any CPU.ActiveCfg = Debug|Any CPU
		{7B6E55CB-D02C-4CFD-9C97-FE75C27B3D59}.Debug|Any CPU.Build.0 = Debug|Any CPU
		{7B6E55CB-D02C-4CFD-9C97-FE75C27B3D59}.Release|Any CPU.ActiveCfg = Release|Any CPU
		{7B6E55CB-D02C-4CFD-9C97-FE75C27B3D59}.Release|Any CPU.Build.0 = Release|Any CPU
		{594DFAE6-B18C-4203-A1FB-7DF30E5F194A}.Debug|Any CPU.ActiveCfg = Debug|Any CPU
		{594DFAE6-B18C-4203-A1FB-7DF30E5F194A}.Debug|Any CPU.Build.0 = Debug|Any CPU
		{594DFAE6-B18C-4203-A1FB-7DF30E5F194A}.Release|Any CPU.ActiveCfg = Release|Any CPU
		{594DFAE6-B18C-4203-A1FB-7DF30E5F194A}.Release|Any CPU.Build.0 = Release|Any CPU
		{6A1B6426-FC9F-43BB-A564-6D07C90A7B99}.Debug|Any CPU.ActiveCfg = Debug|Any CPU
		{6A1B6426-FC9F-43BB-A564-6D07C90A7B99}.Debug|Any CPU.Build.0 = Debug|Any CPU
		{6A1B6426-FC9F-43BB-A564-6D07C90A7B99}.Release|Any CPU.ActiveCfg = Release|Any CPU
		{6A1B6426-FC9F-43BB-A564-6D07C90A7B99}.Release|Any CPU.Build.0 = Release|Any CPU
		{4F6639AA-2178-481E-AAF6-BB62A2453A7B}.Debug|Any CPU.ActiveCfg = Debug|Any CPU
		{4F6639AA-2178-481E-AAF6-BB62A2453A7B}.Debug|Any CPU.Build.0 = Debug|Any CPU
		{4F6639AA-2178-481E-AAF6-BB62A2453A7B}.Release|Any CPU.ActiveCfg = Release|Any CPU
		{4F6639AA-2178-481E-AAF6-BB62A2453A7B}.Release|Any CPU.Build.0 = Release|Any CPU
	EndGlobalSection
	GlobalSection(SolutionProperties) = preSolution
		HideSolutionNode = FALSE
	EndGlobalSection
	GlobalSection(NestedProjects) = preSolution
		{A195B5FD-1E8C-4EA0-A825-7F4F758896B2} = {E07F8EC9-8214-4582-A8A2-A0F9D6A94FBA}
		{7B6E55CB-D02C-4CFD-9C97-FE75C27B3D59} = {E07F8EC9-8214-4582-A8A2-A0F9D6A94FBA}
		{594DFAE6-B18C-4203-A1FB-7DF30E5F194A} = {719C833D-A1E6-446B-A4FD-787B4F2A6AF7}
		{6A1B6426-FC9F-43BB-A564-6D07C90A7B99} = {719C833D-A1E6-446B-A4FD-787B4F2A6AF7}
		{4F6639AA-2178-481E-AAF6-BB62A2453A7B} = {719C833D-A1E6-446B-A4FD-787B4F2A6AF7}
	EndGlobalSection
EndGlobal
